
Microsoft Visual Studio Solution File, Format Version 12.00
# Visual Studio Version 17
VisualStudioVersion = 17.8.34525.116
MinimumVisualStudioVersion = 10.0.40219.1
Project("{9A19103F-16F7-4668-BE54-9A1E7A4F7556}") = "BlogTangle.Web", "BlogTangle.Web\BlogTangle.Web.csproj", "{BFD9370A-F10C-4C28-A5E4-AA39C741EFE5}"
EndProject
Global
	GlobalSection(SolutionConfigurationPlatforms) = preSolution
		Debug|Any CPU = Debug|Any CPU
		Release|Any CPU = Release|Any CPU
	EndGlobalSection
	GlobalSection(ProjectConfigurationPlatforms) = postSolution
		{BFD9370A-F10C-4C28-A5E4-AA39C741EFE5}.Debug|Any CPU.ActiveCfg = Debug|Any CPU
		{BFD9370A-F10C-4C28-A5E4-AA39C741EFE5}.Debug|Any CPU.Build.0 = Debug|Any CPU
		{BFD9370A-F10C-4C28-A5E4-AA39C741EFE5}.Release|Any CPU.ActiveCfg = Release|Any CPU
		{BFD9370A-F10C-4C28-A5E4-AA39C741EFE5}.Release|Any CPU.Build.0 = Release|Any CPU
	EndGlobalSection
	GlobalSection(SolutionProperties) = preSolution
		HideSolutionNode = FALSE
	EndGlobalSection
	GlobalSection(ExtensibilityGlobals) = postSolution
		SolutionGuid = {D152A982-6AE9-47B6-B92E-DD806D981E29}
	EndGlobalSection
EndGlobal
